<?xml version="1.0" encoding="utf-8"?>
<Project ToolsVersion="4.0" xmlns="http://schemas.microsoft.com/developer/msbuild/2003">
  <ItemGroup>
    <Filter Include="Source Files">
      <UniqueIdentifier>{7f5be618-2d02-42f1-a338-be03f239af5d}</UniqueIdentifier>
      <Extensions>cpp;c;cxx;rc;def;r;odl;idl;hpj;bat</Extensions>
    </Filter>
    <Filter Include="Header Files">
      <UniqueIdentifier>{ed3b5438-a506-4f3f-ba32-ec59503057ef}</UniqueIdentifier>
      <Extensions>h;hpp;hxx;hm;inl</Extensions>
    </Filter>
    <Filter Include="Resource Files">
      <UniqueIdentifier>{b83cdc59-66b7-4162-8d67-eab77ad4a550}</UniqueIdentifier>
      <Extensions>ico;cur;bmp;dlg;rc2;rct;bin;rgs;gif;jpg;jpeg;jpe</Extensions>
    </Filter>
    <Filter Include="Help Files">
      <UniqueIdentifier>{f07c1b38-d809-4ab8-b01a-4072c6c25cdc}</UniqueIdentifier>
      <Extensions>cnt;rtf</Extensions>
    </Filter>
    <Filter Include="Map">
      <UniqueIdentifier>{930b8d11-4de1-4b1f-b3de-c8f238f1daf0}</UniqueIdentifier>
    </Filter>
  </ItemGroup>
  <ItemGroup>
    <ClCompile Include="BatchRun.cpp">
      <Filter>Source Files</Filter>
    </ClCompile>
    <ClCompile Include="CreateInputFile.cpp">
      <Filter>Source Files</Filter>
    </ClCompile>
    <ClCompile Include="data_set.cpp">
      <Filter>Source Files</Filter>
    </ClCompile>
    <ClCompile Include="dndc71.cpp">
      <Filter>Source Files</Filter>
    </ClCompile>
    <ClCompile Include="dndc_climate.cpp">
      <Filter>Source Files</Filter>
    </ClCompile>
    <ClCompile Include="dndc_InputFile.cpp">
      <Filter>Source Files</Filter>
    </ClCompile>
    <ClCompile Include="Dndc_ManningChannel.cpp">
      <Filter>Source Files</Filter>
    </ClCompile>
    <ClCompile Include="Dndc_ManningLand.cpp">
      <Filter>Source Files</Filter>
    </ClCompile>
    <ClCompile Include="Dndc_manure11.cpp">
      <Filter>Source Files</Filter>
    </ClCompile>
    <ClCompile Include="Dndc_manure12.cpp">
      <Filter>Source Files</Filter>
    </ClCompile>
    <ClCompile Include="dndc_ManureFarmCrops.cpp">
      <Filter>Source Files</Filter>
    </ClCompile>
    <ClCompile Include="dndc_map.cpp">
      <Filter>Source Files</Filter>
    </ClCompile>
    <ClCompile Include="dndc_region.cpp">
      <Filter>Source Files</Filter>
    </ClCompile>
    <ClCompile Include="..\dndc95\Dndc_regiondaily.cpp">
      <Filter>Source Files</Filter>
    </ClCompile>
    <ClCompile Include="dndc_RegionFiles.cpp">
      <Filter>Source Files</Filter>
    </ClCompile>
    <ClCompile Include="dndc_save.cpp">
      <Filter>Source Files</Filter>
    </ClCompile>
    <ClCompile Include="dndc_site.cpp">
      <Filter>Source Files</Filter>
    </ClCompile>
    <ClCompile Include="DNDC_SoilProfile.cpp">
      <Filter>Source Files</Filter>
    </ClCompile>
    <ClCompile Include="dndc_tool.cpp">
      <Filter>Source Files</Filter>
    </ClCompile>
    <ClCompile Include="dndc_uncertainty.cpp">
      <Filter>Source Files</Filter>
    </ClCompile>
    <ClCompile Include="dndc_wizard.cpp">
      <Filter>Source Files</Filter>
    </ClCompile>
    <ClCompile Include="Dndc_YieldPredict.cpp">
      <Filter>Source Files</Filter>
    </ClCompile>
    <ClCompile Include="DNDCgoing.cpp">
      <Filter>Source Files</Filter>
    </ClCompile>
    <ClCompile Include="DrawDrought.cpp">
      <Filter>Source Files</Filter>
    </ClCompile>
    <ClCompile Include="ExtractData.cpp">
      <Filter>Source Files</Filter>
    </ClCompile>
    <ClCompile Include="GlobeData.cpp">
      <Filter>Source Files</Filter>
    </ClCompile>
    <ClCompile Include="GlobeDataExtract.cpp">
      <Filter>Source Files</Filter>
    </ClCompile>
    <ClCompile Include="GlobeMap.cpp">
      <Filter>Source Files</Filter>
    </ClCompile>
    <ClCompile Include="GlobeResult.cpp">
      <Filter>Source Files</Filter>
    </ClCompile>
    <ClCompile Include="graph_maker.cpp">
      <Filter>Source Files</Filter>
    </ClCompile>
    <ClCompile Include="graphexDoc.cpp">
      <Filter>Source Files</Filter>
    </ClCompile>
    <ClCompile Include="graphexView.cpp">
      <Filter>Source Files</Filter>
    </ClCompile>
    <ClCompile Include="Help_AutoFert.cpp">
      <Filter>Source Files</Filter>
    </ClCompile>
    <ClCompile Include="ListFile.cpp">
      <Filter>Source Files</Filter>
    </ClCompile>
    <ClCompile Include="MainFrm.cpp">
      <Filter>Source Files</Filter>
    </ClCompile>
    <ClCompile Include="ManureApplication.cpp">
      <Filter>Source Files</Filter>
    </ClCompile>
    <ClCompile Include="ManureCompost.cpp">
      <Filter>Source Files</Filter>
    </ClCompile>
    <ClCompile Include="ManureCycle.cpp">
      <Filter>Source Files</Filter>
    </ClCompile>
    <ClCompile Include="ManureDigester.cpp">
      <Filter>Source Files</Filter>
    </ClCompile>
    <ClCompile Include="ManureField.cpp">
      <Filter>Source Files</Filter>
    </ClCompile>
    <ClCompile Include="ManureGrazing.cpp">
      <Filter>Source Files</Filter>
    </ClCompile>
    <ClCompile Include="ManureHousing.cpp">
      <Filter>Source Files</Filter>
    </ClCompile>
    <ClCompile Include="ManureLagoon.cpp">
      <Filter>Source Files</Filter>
    </ClCompile>
    <ClCompile Include="ManureSilo.cpp">
      <Filter>Source Files</Filter>
    </ClCompile>
    <ClCompile Include="MapLayer.cpp">
      <Filter>Source Files</Filter>
    </ClCompile>
    <ClCompile Include="MapSelect.cpp">
      <Filter>Source Files</Filter>
    </ClCompile>
    <ClCompile Include="MonteCarlo.cpp">
      <Filter>Source Files</Filter>
    </ClCompile>
    <ClCompile Include="MonteCarloNote.cpp">
      <Filter>Source Files</Filter>
    </ClCompile>
    <ClCompile Include="MonteCarloParameters.cpp">
      <Filter>Source Files</Filter>
    </ClCompile>
    <ClCompile Include="MonteCarloRegionSelect.cpp">
      <Filter>Source Files</Filter>
    </ClCompile>
    <ClCompile Include="msado15.cpp">
      <Filter>Source Files</Filter>
    </ClCompile>
    <ClCompile Include="NewCrop.cpp">
      <Filter>Source Files</Filter>
    </ClCompile>
    <ClCompile Include="ombineFiles.cpp">
      <Filter>Source Files</Filter>
    </ClCompile>
    <ClCompile Include="region_Shangrila.cpp">
      <Filter>Source Files</Filter>
    </ClCompile>
    <ClCompile Include="RegionInput.cpp">
      <Filter>Source Files</Filter>
    </ClCompile>
    <ClCompile Include="RegionMap.cpp">
      <Filter>Source Files</Filter>
    </ClCompile>
    <ClCompile Include="RegionSelectCrops.cpp">
      <Filter>Source Files</Filter>
    </ClCompile>
    <ClCompile Include="RegionYear.cpp">
      <Filter>Source Files</Filter>
    </ClCompile>
    <ClCompile Include="RunoffCN.cpp">
      <Filter>Source Files</Filter>
    </ClCompile>
    <ClCompile Include="SaveSoilYear.cpp">
      <Filter>Source Files</Filter>
    </ClCompile>
    <ClCompile Include="ScreenMonitor.cpp">
      <Filter>Source Files</Filter>
    </ClCompile>
    <ClCompile Include="SCSDlg.cpp">
      <Filter>Source Files</Filter>
    </ClCompile>
    <ClCompile Include="SelectIrriFile.cpp">
      <Filter>Source Files</Filter>
    </ClCompile>
    <ClCompile Include="SelectRegionDlg.cpp">
      <Filter>Source Files</Filter>
    </ClCompile>
    <ClCompile Include="SelectShapeMap.cpp">
      <Filter>Source Files</Filter>
    </ClCompile>
    <ClCompile Include="SitePage1.cpp">
      <Filter>Source Files</Filter>
    </ClCompile>
    <ClCompile Include="SitePage10.cpp">
      <Filter>Source Files</Filter>
    </ClCompile>
    <ClCompile Include="SitePage11.cpp">
      <Filter>Source Files</Filter>
    </ClCompile>
    <ClCompile Include="SitePage2.cpp">
      <Filter>Source Files</Filter>
    </ClCompile>
    <ClCompile Include="SitePage3.cpp">
      <Filter>Source Files</Filter>
    </ClCompile>
    <ClCompile Include="SitePage4.cpp">
      <Filter>Source Files</Filter>
    </ClCompile>
    <ClCompile Include="SitePage5.cpp">
      <Filter>Source Files</Filter>
    </ClCompile>
    <ClCompile Include="SitePage6.cpp">
      <Filter>Source Files</Filter>
    </ClCompile>
    <ClCompile Include="SitePage7.cpp">
      <Filter>Source Files</Filter>
    </ClCompile>
    <ClCompile Include="SitePage8.cpp">
      <Filter>Source Files</Filter>
    </ClCompile>
    <ClCompile Include="SitePage9.cpp">
      <Filter>Source Files</Filter>
    </ClCompile>
    <ClCompile Include="SitePara.cpp">
      <Filter>Source Files</Filter>
    </ClCompile>
    <ClCompile Include="SitePSheet.cpp">
      <Filter>Source Files</Filter>
    </ClCompile>
    <ClCompile Include="StdAfx.cpp">
      <Filter>Source Files</Filter>
    </ClCompile>
    <ClCompile Include="WizardCrops.cpp">
      <Filter>Source Files</Filter>
    </ClCompile>
    <ClCompile Include="WizardResult.cpp">
      <Filter>Source Files</Filter>
    </ClCompile>
    <ClCompile Include="WizardUncertainty.cpp">
      <Filter>Source Files</Filter>
    </ClCompile>
    <ClCompile Include="Map\font.cpp">
      <Filter>Map</Filter>
    </ClCompile>
    <ClCompile Include="Map\map.cpp">
      <Filter>Map</Filter>
    </ClCompile>
    <ClCompile Include="Map\moaddresslocation.cpp">
      <Filter>Map</Filter>
    </ClCompile>
    <ClCompile Include="Map\mochartrenderer.cpp">
      <Filter>Map</Filter>
    </ClCompile>
    <ClCompile Include="Map\moclassbreaksrenderer.cpp">
      <Filter>Map</Filter>
    </ClCompile>
    <ClCompile Include="Map\modataconnection.cpp">
      <Filter>Map</Filter>
    </ClCompile>
    <ClCompile Include="Map\modatum.cpp">
      <Filter>Map</Filter>
    </ClCompile>
    <ClCompile Include="Map\modotdensityrenderer.cpp">
      <Filter>Map</Filter>
    </ClCompile>
    <ClCompile Include="Map\moellipse.cpp">
      <Filter>Map</Filter>
    </ClCompile>
    <ClCompile Include="Map\moeventrenderer.cpp">
      <Filter>Map</Filter>
    </ClCompile>
    <ClCompile Include="Map\mofield.cpp">
      <Filter>Map</Filter>
    </ClCompile>
    <ClCompile Include="Map\mofields.cpp">
      <Filter>Map</Filter>
    </ClCompile>
    <ClCompile Include="Map\mogeocoder.cpp">
      <Filter>Map</Filter>
    </ClCompile>
    <ClCompile Include="Map\mogeocoordsys.cpp">
      <Filter>Map</Filter>
    </ClCompile>
    <ClCompile Include="Map\mogeodataset.cpp">
      <Filter>Map</Filter>
    </ClCompile>
    <ClCompile Include="Map\mogeodatasets.cpp">
      <Filter>Map</Filter>
    </ClCompile>
    <ClCompile Include="Map\mogeoevent.cpp">
      <Filter>Map</Filter>
    </ClCompile>
    <ClCompile Include="Map\mogeotransformation.cpp">
      <Filter>Map</Filter>
    </ClCompile>
    <ClCompile Include="Map\mogrouprenderer.cpp">
      <Filter>Map</Filter>
    </ClCompile>
    <ClCompile Include="Map\moimagelayer.cpp">
      <Filter>Map</Filter>
    </ClCompile>
    <ClCompile Include="Map\molabelplacer.cpp">
      <Filter>Map</Filter>
    </ClCompile>
    <ClCompile Include="Map\molabelrenderer.cpp">
      <Filter>Map</Filter>
    </ClCompile>
    <ClCompile Include="Map\molayers.cpp">
      <Filter>Map</Filter>
    </ClCompile>
    <ClCompile Include="Map\moline.cpp">
      <Filter>Map</Filter>
    </ClCompile>
    <ClCompile Include="Map\momaplayer.cpp">
      <Filter>Map</Filter>
    </ClCompile>
    <ClCompile Include="Map\moparts.cpp">
      <Filter>Map</Filter>
    </ClCompile>
    <ClCompile Include="Map\moplacelocator.cpp">
      <Filter>Map</Filter>
    </ClCompile>
    <ClCompile Include="Map\mopoint.cpp">
      <Filter>Map</Filter>
    </ClCompile>
    <ClCompile Include="Map\mopoints.cpp">
      <Filter>Map</Filter>
    </ClCompile>
    <ClCompile Include="Map\mopolygon.cpp">
      <Filter>Map</Filter>
    </ClCompile>
    <ClCompile Include="Map\moprimemeridian.cpp">
      <Filter>Map</Filter>
    </ClCompile>
    <ClCompile Include="Map\moprojcoordsys.cpp">
      <Filter>Map</Filter>
    </ClCompile>
    <ClCompile Include="Map\moprojection.cpp">
      <Filter>Map</Filter>
    </ClCompile>
    <ClCompile Include="Map\morecordset.cpp">
      <Filter>Map</Filter>
    </ClCompile>
    <ClCompile Include="Map\morectangle.cpp">
      <Filter>Map</Filter>
    </ClCompile>
    <ClCompile Include="Map\mospheroid.cpp">
      <Filter>Map</Filter>
    </ClCompile>
    <ClCompile Include="Map\mostandardizer.cpp">
      <Filter>Map</Filter>
    </ClCompile>
    <ClCompile Include="Map\mostatistics.cpp">
      <Filter>Map</Filter>
    </ClCompile>
    <ClCompile Include="Map\mostrings.cpp">
      <Filter>Map</Filter>
    </ClCompile>
    <ClCompile Include="Map\mosymbol.cpp">
      <Filter>Map</Filter>
    </ClCompile>
    <ClCompile Include="Map\motable.cpp">
      <Filter>Map</Filter>
    </ClCompile>
    <ClCompile Include="Map\motabledesc.cpp">
      <Filter>Map</Filter>
    </ClCompile>
    <ClCompile Include="Map\motextsymbol.cpp">
      <Filter>Map</Filter>
    </ClCompile>
    <ClCompile Include="Map\motrackinglayer.cpp">
      <Filter>Map</Filter>
    </ClCompile>
    <ClCompile Include="Map\mounit.cpp">
      <Filter>Map</Filter>
    </ClCompile>
    <ClCompile Include="Map\movaluemaprenderer.cpp">
      <Filter>Map</Filter>
    </ClCompile>
    <ClCompile Include="Map\mozrenderer.cpp">
      <Filter>Map</Filter>
    </ClCompile>
  </ItemGroup>
  <ItemGroup>
    <ResourceCompile Include="dndc71.rc">
      <Filter>Source Files</Filter>
    </ResourceCompile>
  </ItemGroup>
  <ItemGroup>
    <ClInclude Include="BatchRun.h">
      <Filter>Header Files</Filter>
    </ClInclude>
    <ClInclude Include="CreateInputFile.h">
      <Filter>Header Files</Filter>
    </ClInclude>
    <ClInclude Include="data_set.h">
      <Filter>Header Files</Filter>
    </ClInclude>
    <ClInclude Include="K:\include\dirent.h">
      <Filter>Header Files</Filter>
    </ClInclude>
    <ClInclude Include="dndc71.h">
      <Filter>Header Files</Filter>
    </ClInclude>
    <ClInclude Include="dndc_main.h">
      <Filter>Header Files</Filter>
    </ClInclude>
    <ClInclude Include="Dndc_ManningChannel.h">
      <Filter>Header Files</Filter>
    </ClInclude>
    <ClInclude Include="Dndc_ManningLand.h">
      <Filter>Header Files</Filter>
    </ClInclude>
    <ClInclude Include="Dndc_manure11.h">
      <Filter>Header Files</Filter>
    </ClInclude>
    <ClInclude Include="Dndc_manure12.h">
      <Filter>Header Files</Filter>
    </ClInclude>
    <ClInclude Include="dndc_ManureFarmCrops.h">
      <Filter>Header Files</Filter>
    </ClInclude>
    <ClInclude Include="dndc_map.h">
      <Filter>Header Files</Filter>
    </ClInclude>
    <ClInclude Include="dndc_RegionFiles.h">
      <Filter>Header Files</Filter>
    </ClInclude>
    <ClInclude Include="dndc_save.h">
      <Filter>Header Files</Filter>
    </ClInclude>
    <ClInclude Include="DNDC_SoilProfile.h">
      <Filter>Header Files</Filter>
    </ClInclude>
    <ClInclude Include="dndc_tool.h">
      <Filter>Header Files</Filter>
    </ClInclude>
    <ClInclude Include="Dndc_YieldPredict.h">
      <Filter>Header Files</Filter>
    </ClInclude>
    <ClInclude Include="DNDCgoing.h">
      <Filter>Header Files</Filter>
    </ClInclude>
    <ClInclude Include="dprintf.h">
      <Filter>Header Files</Filter>
    </ClInclude>
    <ClInclude Include="DrawDrought.h">
      <Filter>Header Files</Filter>
    </ClInclude>
    <ClInclude Include="ExtractData.h">
      <Filter>Header Files</Filter>
    </ClInclude>
    <ClInclude Include="gd.h">
      <Filter>Header Files</Filter>
    </ClInclude>
    <ClInclude Include="gd_io.h">
      <Filter>Header Files</Filter>
    </ClInclude>
    <ClInclude Include="gdcache.h">
      <Filter>Header Files</Filter>
    </ClInclude>
    <ClInclude Include="gdfontg.h">
      <Filter>Header Files</Filter>
    </ClInclude>
    <ClInclude Include="gdfontl.h">
      <Filter>Header Files</Filter>
    </ClInclude>
    <ClInclude Include="gdfontmb.h">
      <Filter>Header Files</Filter>
    </ClInclude>
    <ClInclude Include="gdfonts.h">
      <Filter>Header Files</Filter>
    </ClInclude>
    <ClInclude Include="gdfontt.h">
      <Filter>Header Files</Filter>
    </ClInclude>
    <ClInclude Include="gdfx.h">
      <Filter>Header Files</Filter>
    </ClInclude>
    <ClInclude Include="gdhelpers.h">
      <Filter>Header Files</Filter>
    </ClInclude>
    <ClInclude Include="GlobeData.h">
      <Filter>Header Files</Filter>
    </ClInclude>
    <ClInclude Include="GlobeDataExtract.h">
      <Filter>Header Files</Filter>
    </ClInclude>
    <ClInclude Include="GlobeMap.h">
      <Filter>Header Files</Filter>
    </ClInclude>
    <ClInclude Include="GlobeResult.h">
      <Filter>Header Files</Filter>
    </ClInclude>
    <ClInclude Include="graph_maker.h">
      <Filter>Header Files</Filter>
    </ClInclude>
    <ClInclude Include="graphexDoc.h">
      <Filter>Header Files</Filter>
    </ClInclude>
    <ClInclude Include="graphexView.h">
      <Filter>Header Files</Filter>
    </ClInclude>
    <ClInclude Include="Help_AutoFert.h">
      <Filter>Header Files</Filter>
    </ClInclude>
    <ClInclude Include="ListFile.h">
      <Filter>Header Files</Filter>
    </ClInclude>
    <ClInclude Include="MainFrm.h">
      <Filter>Header Files</Filter>
    </ClInclude>
    <ClInclude Include="ManureApplication.h">
      <Filter>Header Files</Filter>
    </ClInclude>
    <ClInclude Include="ManureCompost.h">
      <Filter>Header Files</Filter>
    </ClInclude>
    <ClInclude Include="ManureCycle.h">
      <Filter>Header Files</Filter>
    </ClInclude>
    <ClInclude Include="ManureDigester.h">
      <Filter>Header Files</Filter>
    </ClInclude>
    <ClInclude Include="ManureField.h">
      <Filter>Header Files</Filter>
    </ClInclude>
    <ClInclude Include="ManureGrazing.h">
      <Filter>Header Files</Filter>
    </ClInclude>
    <ClInclude Include="ManureHousing.h">
      <Filter>Header Files</Filter>
    </ClInclude>
    <ClInclude Include="ManureLagoon.h">
      <Filter>Header Files</Filter>
    </ClInclude>
    <ClInclude Include="ManurePen.h">
      <Filter>Header Files</Filter>
    </ClInclude>
    <ClInclude Include="ManureSilo.h">
      <Filter>Header Files</Filter>
    </ClInclude>
    <ClInclude Include="MapLayer.h">
      <Filter>Header Files</Filter>
    </ClInclude>
    <ClInclude Include="MapObjects2.h">
      <Filter>Header Files</Filter>
    </ClInclude>
    <ClInclude Include="MapSelect.h">
      <Filter>Header Files</Filter>
    </ClInclude>
    <ClInclude Include="MonteCarlo.h">
      <Filter>Header Files</Filter>
    </ClInclude>
    <ClInclude Include="MonteCarloNote.h">
      <Filter>Header Files</Filter>
    </ClInclude>
    <ClInclude Include="MonteCarloParameters.h">
      <Filter>Header Files</Filter>
    </ClInclude>
    <ClInclude Include="MonteCarloRegionSelect.h">
      <Filter>Header Files</Filter>
    </ClInclude>
    <ClInclude Include="msado15.h">
      <Filter>Header Files</Filter>
    </ClInclude>
    <ClInclude Include="NewCrop.h">
      <Filter>Header Files</Filter>
    </ClInclude>
    <ClInclude Include="NewDBase.h">
      <Filter>Header Files</Filter>
    </ClInclude>
    <ClInclude Include="ombineFiles.h">
      <Filter>Header Files</Filter>
    </ClInclude>
    <ClInclude Include="RegionInput.h">
      <Filter>Header Files</Filter>
    </ClInclude>
    <ClInclude Include="RegionMap.h">
      <Filter>Header Files</Filter>
    </ClInclude>
    <ClInclude Include="RegionSelectCrops.h">
      <Filter>Header Files</Filter>
    </ClInclude>
    <ClInclude Include="RegionYear.h">
      <Filter>Header Files</Filter>
    </ClInclude>
    <ClInclude Include="RunoffCN.h">
      <Filter>Header Files</Filter>
    </ClInclude>
    <ClInclude Include="SaveSoilYear.h">
      <Filter>Header Files</Filter>
    </ClInclude>
    <ClInclude Include="ScreenMonitor.h">
      <Filter>Header Files</Filter>
    </ClInclude>
    <ClInclude Include="SCSDlg.h">
      <Filter>Header Files</Filter>
    </ClInclude>
    <ClInclude Include="SelectIrriFile.h">
      <Filter>Header Files</Filter>
    </ClInclude>
    <ClInclude Include="SelectRegionDlg.h">
      <Filter>Header Files</Filter>
    </ClInclude>
    <ClInclude Include="SelectShapeMap.h">
      <Filter>Header Files</Filter>
    </ClInclude>
    <ClInclude Include="SitePage1.h">
      <Filter>Header Files</Filter>
    </ClInclude>
    <ClInclude Include="SitePage10.h">
      <Filter>Header Files</Filter>
    </ClInclude>
    <ClInclude Include="SitePage11.h">
      <Filter>Header Files</Filter>
    </ClInclude>
    <ClInclude Include="SitePage13.h">
      <Filter>Header Files</Filter>
    </ClInclude>
    <ClInclude Include="SitePage14.h">
      <Filter>Header Files</Filter>
    </ClInclude>
    <ClInclude Include="SitePage2.h">
      <Filter>Header Files</Filter>
    </ClInclude>
    <ClInclude Include="SitePage3.h">
      <Filter>Header Files</Filter>
    </ClInclude>
    <ClInclude Include="SitePage4.h">
      <Filter>Header Files</Filter>
    </ClInclude>
    <ClInclude Include="SitePage5.h">
      <Filter>Header Files</Filter>
    </ClInclude>
    <ClInclude Include="SitePage6.h">
      <Filter>Header Files</Filter>
    </ClInclude>
    <ClInclude Include="SitePage7.h">
      <Filter>Header Files</Filter>
    </ClInclude>
    <ClInclude Include="SitePage8.h">
      <Filter>Header Files</Filter>
    </ClInclude>
    <ClInclude Include="SitePage9.h">
      <Filter>Header Files</Filter>
    </ClInclude>
    <ClInclude Include="SitePara.h">
      <Filter>Header Files</Filter>
    </ClInclude>
    <ClInclude Include="SitePSheet.h">
      <Filter>Header Files</Filter>
    </ClInclude>
    <ClInclude Include="StdAfx.h">
      <Filter>Header Files</Filter>
    </ClInclude>
    <ClInclude Include="Version.h">
      <Filter>Header Files</Filter>
    </ClInclude>
    <ClInclude Include="WizardCrops.h">
      <Filter>Header Files</Filter>
    </ClInclude>
    <ClInclude Include="WizardResult.h">
      <Filter>Header Files</Filter>
    </ClInclude>
    <ClInclude Include="WizardUncertainty.h">
      <Filter>Header Files</Filter>
    </ClInclude>
    <ClInclude Include="Map\font.h">
      <Filter>Map</Filter>
    </ClInclude>
    <ClInclude Include="Map\map.h">
      <Filter>Map</Filter>
    </ClInclude>
    <ClInclude Include="Map\moaddresslocation.h">
      <Filter>Map</Filter>
    </ClInclude>
    <ClInclude Include="Map\mochartrenderer.h">
      <Filter>Map</Filter>
    </ClInclude>
    <ClInclude Include="Map\moclassbreaksrenderer.h">
      <Filter>Map</Filter>
    </ClInclude>
    <ClInclude Include="Map\modataconnection.h">
      <Filter>Map</Filter>
    </ClInclude>
    <ClInclude Include="Map\modatum.h">
      <Filter>Map</Filter>
    </ClInclude>
    <ClInclude Include="Map\modotdensityrenderer.h">
      <Filter>Map</Filter>
    </ClInclude>
    <ClInclude Include="Map\moellipse.h">
      <Filter>Map</Filter>
    </ClInclude>
    <ClInclude Include="Map\moeventrenderer.h">
      <Filter>Map</Filter>
    </ClInclude>
    <ClInclude Include="Map\mofield.h">
      <Filter>Map</Filter>
    </ClInclude>
    <ClInclude Include="Map\mofields.h">
      <Filter>Map</Filter>
    </ClInclude>
    <ClInclude Include="Map\mogeocoder.h">
      <Filter>Map</Filter>
    </ClInclude>
    <ClInclude Include="Map\mogeocoordsys.h">
      <Filter>Map</Filter>
    </ClInclude>
    <ClInclude Include="Map\mogeodataset.h">
      <Filter>Map</Filter>
    </ClInclude>
    <ClInclude Include="Map\mogeodatasets.h">
      <Filter>Map</Filter>
    </ClInclude>
    <ClInclude Include="Map\mogeoevent.h">
      <Filter>Map</Filter>
    </ClInclude>
    <ClInclude Include="Map\mogeotransformation.h">
      <Filter>Map</Filter>
    </ClInclude>
    <ClInclude Include="Map\mogrouprenderer.h">
      <Filter>Map</Filter>
    </ClInclude>
    <ClInclude Include="Map\moimagelayer.h">
      <Filter>Map</Filter>
    </ClInclude>
    <ClInclude Include="Map\molabelplacer.h">
      <Filter>Map</Filter>
    </ClInclude>
    <ClInclude Include="Map\molabelrenderer.h">
      <Filter>Map</Filter>
    </ClInclude>
    <ClInclude Include="Map\molayers.h">
      <Filter>Map</Filter>
    </ClInclude>
    <ClInclude Include="Map\moline.h">
      <Filter>Map</Filter>
    </ClInclude>
    <ClInclude Include="Map\momaplayer.h">
      <Filter>Map</Filter>
    </ClInclude>
    <ClInclude Include="Map\moparts.h">
      <Filter>Map</Filter>
    </ClInclude>
    <ClInclude Include="Map\moplacelocator.h">
      <Filter>Map</Filter>
    </ClInclude>
    <ClInclude Include="Map\mopoint.h">
      <Filter>Map</Filter>
    </ClInclude>
    <ClInclude Include="Map\mopoints.h">
      <Filter>Map</Filter>
    </ClInclude>
    <ClInclude Include="Map\mopolygon.h">
      <Filter>Map</Filter>
    </ClInclude>
    <ClInclude Include="Map\moprimemeridian.h">
      <Filter>Map</Filter>
    </ClInclude>
    <ClInclude Include="Map\moprojcoordsys.h">
      <Filter>Map</Filter>
    </ClInclude>
    <ClInclude Include="Map\moprojection.h">
      <Filter>Map</Filter>
    </ClInclude>
    <ClInclude Include="Map\morecordset.h">
      <Filter>Map</Filter>
    </ClInclude>
    <ClInclude Include="Map\morectangle.h">
      <Filter>Map</Filter>
    </ClInclude>
    <ClInclude Include="Map\mospheroid.h">
      <Filter>Map</Filter>
    </ClInclude>
    <ClInclude Include="Map\mostandardizer.h">
      <Filter>Map</Filter>
    </ClInclude>
    <ClInclude Include="Map\mostatistics.h">
      <Filter>Map</Filter>
    </ClInclude>
    <ClInclude Include="Map\mostrings.h">
      <Filter>Map</Filter>
    </ClInclude>
    <ClInclude Include="Map\mosymbol.h">
      <Filter>Map</Filter>
    </ClInclude>
    <ClInclude Include="Map\motable.h">
      <Filter>Map</Filter>
    </ClInclude>
    <ClInclude Include="Map\motabledesc.h">
      <Filter>Map</Filter>
    </ClInclude>
    <ClInclude Include="Map\motextsymbol.h">
      <Filter>Map</Filter>
    </ClInclude>
    <ClInclude Include="Map\motrackinglayer.h">
      <Filter>Map</Filter>
    </ClInclude>
    <ClInclude Include="Map\mounit.h">
      <Filter>Map</Filter>
    </ClInclude>
    <ClInclude Include="Map\movaluemaprenderer.h">
      <Filter>Map</Filter>
    </ClInclude>
    <ClInclude Include="Map\mozrenderer.h">
      <Filter>Map</Filter>
    </ClInclude>
  </ItemGroup>
  <ItemGroup>
    <CustomBuild Include="hlp\dndc71.hpj">
      <Filter>Source Files</Filter>
    </CustomBuild>
    <CustomBuild Include="Resource.h">
      <Filter>Header Files</Filter>
    </CustomBuild>
    <CustomBuild Include="RES\BITMAP1.BMP">
      <Filter>Resource Files</Filter>
    </CustomBuild>
    <CustomBuild Include="res\dndc71.ico">
      <Filter>Resource Files</Filter>
    </CustomBuild>
    <CustomBuild Include="res\dndc71.rc2">
      <Filter>Resource Files</Filter>
    </CustomBuild>
    <CustomBuild Include="res\graphexDoc.ico">
      <Filter>Resource Files</Filter>
    </CustomBuild>
    <CustomBuild Include="RES\Hand.cur">
      <Filter>Resource Files</Filter>
    </CustomBuild>
    <CustomBuild Include="RES\menu2.bmp">
      <Filter>Resource Files</Filter>
    </CustomBuild>
    <CustomBuild Include="RES\Pan.cur">
      <Filter>Resource Files</Filter>
    </CustomBuild>
    <CustomBuild Include="res\Toolbar.bmp">
      <Filter>Resource Files</Filter>
    </CustomBuild>
    <CustomBuild Include="RES\toolbar1.bmp">
      <Filter>Resource Files</Filter>
    </CustomBuild>
    <CustomBuild Include="RES\ZoomIn.cur">
      <Filter>Resource Files</Filter>
    </CustomBuild>
    <CustomBuild Include="RES\ZoomOut.cur">
      <Filter>Resource Files</Filter>
    </CustomBuild>
    <CustomBuild Include="hlp\AfxCore.rtf">
      <Filter>Help Files</Filter>
    </CustomBuild>
    <CustomBuild Include="hlp\AfxPrint.rtf">
      <Filter>Help Files</Filter>
    </CustomBuild>
    <CustomBuild Include="hlp\AppExit.bmp">
      <Filter>Help Files</Filter>
    </CustomBuild>
    <CustomBuild Include="hlp\Bullet.bmp">
      <Filter>Help Files</Filter>
    </CustomBuild>
    <CustomBuild Include="hlp\CurArw2.bmp">
      <Filter>Help Files</Filter>
    </CustomBuild>
    <CustomBuild Include="hlp\CurArw4.bmp">
      <Filter>Help Files</Filter>
    </CustomBuild>
    <CustomBuild Include="hlp\CurHelp.bmp">
      <Filter>Help Files</Filter>
    </CustomBuild>
    <CustomBuild Include="hlp\dndc71.cnt">
      <Filter>Help Files</Filter>
    </CustomBuild>
    <CustomBuild Include="hlp\EditCopy.bmp">
      <Filter>Help Files</Filter>
    </CustomBuild>
    <CustomBuild Include="hlp\EditCut.bmp">
      <Filter>Help Files</Filter>
    </CustomBuild>
    <CustomBuild Include="hlp\EditPast.bmp">
      <Filter>Help Files</Filter>
    </CustomBuild>
    <CustomBuild Include="hlp\EditUndo.bmp">
      <Filter>Help Files</Filter>
    </CustomBuild>
    <CustomBuild Include="hlp\FileNew.bmp">
      <Filter>Help Files</Filter>
    </CustomBuild>
    <CustomBuild Include="hlp\FileOpen.bmp">
      <Filter>Help Files</Filter>
    </CustomBuild>
    <CustomBuild Include="hlp\FilePrnt.bmp">
      <Filter>Help Files</Filter>
    </CustomBuild>
    <CustomBuild Include="hlp\FileSave.bmp">
      <Filter>Help Files</Filter>
    </CustomBuild>
    <CustomBuild Include="hlp\HlpSBar.bmp">
      <Filter>Help Files</Filter>
    </CustomBuild>
    <CustomBuild Include="hlp\HlpTBar.bmp">
      <Filter>Help Files</Filter>
    </CustomBuild>
    <CustomBuild Include="hlp\RecFirst.bmp">
      <Filter>Help Files</Filter>
    </CustomBuild>
    <CustomBuild Include="hlp\RecLast.bmp">
      <Filter>Help Files</Filter>
    </CustomBuild>
    <CustomBuild Include="hlp\RecNext.bmp">
      <Filter>Help Files</Filter>
    </CustomBuild>
    <CustomBuild Include="hlp\RecPrev.bmp">
      <Filter>Help Files</Filter>
    </CustomBuild>
    <CustomBuild Include="hlp\Scmax.bmp">
      <Filter>Help Files</Filter>
    </CustomBuild>
    <CustomBuild Include="hlp\ScMenu.bmp">
      <Filter>Help Files</Filter>
    </CustomBuild>
    <CustomBuild Include="hlp\Scmin.bmp">
      <Filter>Help Files</Filter>
    </CustomBuild>
    <CustomBuild Include="ReadMe.txt" />
  </ItemGroup>
</Project>