<?xml version="1.0" encoding="utf-8"?>
<Project ToolsVersion="4.0" xmlns="http://schemas.microsoft.com/developer/msbuild/2003">
  <ItemGroup>
    <Filter Include="Source Files">
      <UniqueIdentifier>{4d4679ba-f0a2-4c09-a8db-7562ca803bc0}</UniqueIdentifier>
      <Extensions>cpp;c;cxx;rc;def;r;odl;idl;hpj;bat</Extensions>
    </Filter>
    <Filter Include="Header Files">
      <UniqueIdentifier>{b01d8a93-951f-4be4-917e-bcb07f80ef9b}</UniqueIdentifier>
      <Extensions>h;hpp;hxx;hm;inl</Extensions>
    </Filter>
    <Filter Include="Resource Files">
      <UniqueIdentifier>{4d218146-511d-43ba-a2d2-86e6c6825b56}</UniqueIdentifier>
      <Extensions>ico;cur;bmp;dlg;rc2;rct;bin;rgs;gif;jpg;jpeg;jpe</Extensions>
    </Filter>
  </ItemGroup>
  <ItemGroup>
    <ClCompile Include="CreateInputFiles.cpp">
      <Filter>Source Files</Filter>
    </ClCompile>
    <ClCompile Include="Dndc_balance.cpp">
      <Filter>Source Files</Filter>
    </ClCompile>
    <ClCompile Include="Dndc_balloon.cpp">
      <Filter>Source Files</Filter>
    </ClCompile>
    <ClCompile Include="Dndc_CH4.cpp">
      <Filter>Source Files</Filter>
    </ClCompile>
    <ClCompile Include="Dndc_crop0.cpp">
      <Filter>Source Files</Filter>
    </ClCompile>
    <ClCompile Include="Dndc_data.cpp">
      <Filter>Source Files</Filter>
    </ClCompile>
    <ClCompile Include="Dndc_Eh.cpp">
      <Filter>Source Files</Filter>
    </ClCompile>
    <ClCompile Include="Dndc_farming.cpp">
      <Filter>Source Files</Filter>
    </ClCompile>
    <ClCompile Include="Dndc_hydrology.cpp">
      <Filter>Source Files</Filter>
    </ClCompile>
    <ClCompile Include="Dndc_main.cpp">
      <Filter>Source Files</Filter>
    </ClCompile>
    <ClCompile Include="Dndc_manure0.cpp">
      <Filter>Source Files</Filter>
    </ClCompile>
    <ClCompile Include="Dndc_manure1.cpp">
      <Filter>Source Files</Filter>
    </ClCompile>
    <ClCompile Include="Dndc_manure10.cpp">
      <Filter>Source Files</Filter>
    </ClCompile>
    <ClCompile Include="Dndc_manure2.cpp">
      <Filter>Source Files</Filter>
    </ClCompile>
    <ClCompile Include="Dndc_manure3.cpp">
      <Filter>Source Files</Filter>
    </ClCompile>
    <ClCompile Include="Dndc_manure5.cpp">
      <Filter>Source Files</Filter>
    </ClCompile>
    <ClCompile Include="Dndc_manure6.cpp">
      <Filter>Source Files</Filter>
    </ClCompile>
    <ClCompile Include="Dndc_manure7.cpp">
      <Filter>Source Files</Filter>
    </ClCompile>
    <ClCompile Include="Dndc_manure9.cpp">
      <Filter>Source Files</Filter>
    </ClCompile>
    <ClCompile Include="Dndc_ManureFeedlot.cpp">
      <Filter>Source Files</Filter>
    </ClCompile>
    <ClCompile Include="Dndc_ManureTreatment.cpp">
      <Filter>Source Files</Filter>
    </ClCompile>
    <ClCompile Include="Dndc_mapping.cpp">
      <Filter>Source Files</Filter>
    </ClCompile>
    <ClCompile Include="Dndc_output.cpp">
      <Filter>Source Files</Filter>
    </ClCompile>
    <ClCompile Include="Dndc_P.cpp">
      <Filter>Source Files</Filter>
    </ClCompile>
    <ClCompile Include="Dndc_paint.cpp">
      <Filter>Source Files</Filter>
    </ClCompile>
    <ClCompile Include="Dndc_regiondaily.cpp">
      <Filter>Source Files</Filter>
    </ClCompile>
    <ClCompile Include="Dndc_RegionOutput.cpp">
      <Filter>Source Files</Filter>
    </ClCompile>
    <ClCompile Include="Dndc_shell.cpp">
      <Filter>Source Files</Filter>
    </ClCompile>
    <ClCompile Include="Dndc_SoilChemistry.cpp">
      <Filter>Source Files</Filter>
    </ClCompile>
    <ClCompile Include="Dndc_SoilPhysics.cpp">
      <Filter>Source Files</Filter>
    </ClCompile>
    <ClCompile Include="Dndc_summary.cpp">
      <Filter>Source Files</Filter>
    </ClCompile>
    <ClCompile Include="Dndc_tool.cpp">
      <Filter>Source Files</Filter>
    </ClCompile>
    <ClCompile Include="Dndc_VOCs.cpp">
      <Filter>Source Files</Filter>
    </ClCompile>
    <ClCompile Include="Dndc_WT.cpp">
      <Filter>Source Files</Filter>
    </ClCompile>
    <ClCompile Include="DNDCgo.cpp">
      <Filter>Source Files</Filter>
    </ClCompile>
    <ClCompile Include="StdAfx.cpp">
      <Filter>Source Files</Filter>
    </ClCompile>
    <ClCompile Include="Dndc_CH4peat.cpp">
      <Filter>Source Files</Filter>
    </ClCompile>
  </ItemGroup>
  <ItemGroup>
    <ResourceCompile Include="DNDCgo.rc">
      <Filter>Source Files</Filter>
    </ResourceCompile>
  </ItemGroup>
  <ItemGroup>
    <ClInclude Include="CreateInputFile.h">
      <Filter>Header Files</Filter>
    </ClInclude>
    <ClInclude Include="Dndc_shell.h">
      <Filter>Header Files</Filter>
    </ClInclude>
    <ClInclude Include="Dndc_tool.h">
      <Filter>Header Files</Filter>
    </ClInclude>
    <ClInclude Include="DNDCgo.h">
      <Filter>Header Files</Filter>
    </ClInclude>
    <ClInclude Include="Resource.h">
      <Filter>Header Files</Filter>
    </ClInclude>
    <ClInclude Include="Source_main.h">
      <Filter>Header Files</Filter>
    </ClInclude>
    <ClInclude Include="StdAfx.h">
      <Filter>Header Files</Filter>
    </ClInclude>
  </ItemGroup>
  <ItemGroup>
    <CustomBuild Include="DNDCgo.def">
      <Filter>Source Files</Filter>
    </CustomBuild>
    <CustomBuild Include="ReadMe.txt" />
  </ItemGroup>
</Project>